{
  "name": "module-practise",
  "version": "1.0.0",
  "lockfileVersion": 1,
  "requires": true,
  "dependencies": {
    "articles": {
      "version": "0.2.2",
      "resolved": "https://registry.npmjs.org/articles/-/articles-0.2.2.tgz",
      "integrity": "sha512-S3Y4MPp+LD/l0HHm/4yrr6MoXhUkKT98ZdsV2tkTuBNywqUXEtvJT+NBO3KTSQEttc5EOwEJe2Xw8cZ9TI5Hrw=="
    },
    "os": {
      "version": "0.1.1",
      "resolved": "https://registry.npmjs.org/os/-/os-0.1.1.tgz",
      "integrity": "sha1-IIhF6J4ZOtTZcUdLk5R3NqVtE/M="
    },
    "phraseit": {
      "version": "1.0.1",
      "resolved": "https://registry.npmjs.org/phraseit/-/phraseit-1.0.1.tgz",
      "integrity": "sha512-+69JgjOo+MM5O/LffQ3VFKKJymqWBaXQ39yhsLD39nfQLPNfyB5+TgHFg9A40jlmITLmFHiM+JCvo/MMLgMkAQ==",
      "requires": {
        "articles": "~0.2.1",
        "randy": "~1.5.1"
      }
    },
    "prng-well1024a": {
      "version": "1.0.1",
      "resolved": "https://registry.npmjs.org/prng-well1024a/-/prng-well1024a-1.0.1.tgz",
      "integrity": "sha1-Bejtkj5OorP3ivXulPBWtNXPqyQ="
    },
    "randy": {
      "version": "1.5.1",
      "resolved": "https://registry.npmjs.org/randy/-/randy-1.5.1.tgz",
      "integrity": "sha1-59wIag7Li+99ZzVmQs0qM/liRlw=",
      "requires": {
        "prng-well1024a": "~1.0.0"
      }
    }
  }
}
